# This file is automatically @generated by Cargo.
# It is not intended for manual editing.
version = 4

[[package]]
name = "cask-std"
version = "0.1.0"

[[package]]
name = "lysh"
version = "0.1.0"
dependencies = [
 "cask-std",
]

[[package]]
name = "lythd"
version = "0.1.0"
dependencies = [
 "cask-std",
]

[[package]]
name = "lythdist"
version = "0.1.0"
dependencies = [
 "cask-std",
]
