# This file is automatically @generated by Cargo.
# It is not intended for manual editing.
version = 4

[[package]]
name = "lysh"
version = "0.1.0"
dependencies = [
 "lythos-std",
 "rutils",
]

[[package]]
name = "lythd"
version = "0.1.0"
dependencies = [
 "lythos-std",
]

[[package]]
name = "lythdist"
version = "0.1.0"
dependencies = [
 "lythos-std",
]

[[package]]
name = "lythos-std"
version = "0.1.0"

[[package]]
name = "rutils"
version = "0.1.0"
dependencies = [
 "lythos-std",
]
